
Microsoft Visual Studio Solution File, Format Version 12.00
# Visual Studio Version 17
VisualStudioVersion = 17.3.32901.215
MinimumVisualStudioVersion = 10.0.40219.1
Project("{8BC9CEB8-8B4A-11D0-8D11-00A0C91BC942}") = "Insertion_sort", "Insertion_sort\Insertion_sort.vcxproj", "{30386DFA-79F3-4082-90DD-CAB3C75BA23B}"
EndProject
Global
	GlobalSection(SolutionConfigurationPlatforms) = preSolution
		Debug|x64 = Debug|x64
		Debug|x86 = Debug|x86
		Release|x64 = Release|x64
		Release|x86 = Release|x86
	EndGlobalSection
	GlobalSection(ProjectConfigurationPlatforms) = postSolution
		{30386DFA-79F3-4082-90DD-CAB3C75BA23B}.Debug|x64.ActiveCfg = Debug|x64
		{30386DFA-79F3-4082-90DD-CAB3C75BA23B}.Debug|x64.Build.0 = Debug|x64
		{30386DFA-79F3-4082-90DD-CAB3C75BA23B}.Debug|x86.ActiveCfg = Debug|Win32
		{30386DFA-79F3-4082-90DD-CAB3C75BA23B}.Debug|x86.Build.0 = Debug|Win32
		{30386DFA-79F3-4082-90DD-CAB3C75BA23B}.Release|x64.ActiveCfg = Release|x64
		{30386DFA-79F3-4082-90DD-CAB3C75BA23B}.Release|x64.Build.0 = Release|x64
		{30386DFA-79F3-4082-90DD-CAB3C75BA23B}.Release|x86.ActiveCfg = Release|Win32
		{30386DFA-79F3-4082-90DD-CAB3C75BA23B}.Release|x86.Build.0 = Release|Win32
	EndGlobalSection
	GlobalSection(SolutionProperties) = preSolution
		HideSolutionNode = FALSE
	EndGlobalSection
	GlobalSection(ExtensibilityGlobals) = postSolution
		SolutionGuid = {9A19D75F-F21A-4A6B-A94A-CE880BBFD863}
	EndGlobalSection
EndGlobal
